
Microsoft Visual Studio Solution File, Format Version 12.00
# Visual Studio 2012
Project("{FAE04EC0-301F-11D3-BF4B-00C04F79EFBC}") = "Similarity Measure", "Similarity Measure\Similarity Measure.csproj", "{A8BBF4A9-5DA1-4132-9D2A-6E146CB24553}"
EndProject
Global
	GlobalSection(SolutionConfigurationPlatforms) = preSolution
		Debug|Any CPU = Debug|Any CPU
		Release|Any CPU = Release|Any CPU
	EndGlobalSection
	GlobalSection(ProjectConfigurationPlatforms) = postSolution
		{A8BBF4A9-5DA1-4132-9D2A-6E146CB24553}.Debug|Any CPU.ActiveCfg = Debug|Any CPU
		{A8BBF4A9-5DA1-4132-9D2A-6E146CB24553}.Debug|Any CPU.Build.0 = Debug|Any CPU
		{A8BBF4A9-5DA1-4132-9D2A-6E146CB24553}.Release|Any CPU.ActiveCfg = Release|Any CPU
		{A8BBF4A9-5DA1-4132-9D2A-6E146CB24553}.Release|Any CPU.Build.0 = Release|Any CPU
	EndGlobalSection
	GlobalSection(SolutionProperties) = preSolution
		HideSolutionNode = FALSE
	EndGlobalSection
EndGlobal
